{
  "name": "static",
  "version": "1.0.0",
  "lockfileVersion": 1,
  "requires": true,
  "dependencies": {
    "@types/node": {
      "version": "13.13.5",
      "resolved": "https://registry.npmjs.org/@types/node/-/node-13.13.5.tgz",
      "integrity": "sha512-3ySmiBYJPqgjiHA7oEaIo2Rzz0HrOZ7yrNO5HWyaE5q0lQ3BppDZ3N53Miz8bw2I7gh1/zir2MGVZBvpb1zq9g=="
    },
    "bootstrap": {
      "version": "4.4.1",
      "resolved": "https://registry.npmjs.org/bootstrap/-/bootstrap-4.4.1.tgz",
      "integrity": "sha512-tbx5cHubwE6e2ZG7nqM3g/FZ5PQEDMWmMGNrCUBVRPHXTJaH7CBDdsLeu3eCh3B1tzAxTnAbtmrzvWEvT2NNEA=="
    },
    "canvas-renderer": {
      "version": "2.1.1",
      "resolved": "https://registry.npmjs.org/canvas-renderer/-/canvas-renderer-2.1.1.tgz",
      "integrity": "sha512-/V0XetN7s1Mk3NO7x2wxPZYv0pLMQtGAhecuOuKR88beiYCUle1AbCcFZNLu+4NVzi9RVHS0rXtIgzPEaKidLw=="
    },
    "jdenticon": {
      "version": "2.2.0",
      "resolved": "https://registry.npmjs.org/jdenticon/-/jdenticon-2.2.0.tgz",
      "integrity": "sha512-WGqwpjN9pab/Sah9pGnFH5tQc3HF3WbLV/tPVbykvk5nuAkxG/zhzQYWC2owvpnS+/A0HmlSx35rtY8kyN+x7Q==",
      "requires": {
        "@types/node": "*",
        "canvas-renderer": "~2.1.1"
      }
    },
    "jquery": {
      "version": "3.5.1",
      "resolved": "https://registry.npmjs.org/jquery/-/jquery-3.5.1.tgz",
      "integrity": "sha512-XwIBPqcMn57FxfT+Go5pzySnm4KWkT1Tv7gjrpT1srtf8Weynl6R273VJ5GjkRb51IzMp5nbaPjJXMWeju2MKg=="
    }
  }
}
